
Microsoft Visual Studio Solution File, Format Version 12.00
# Visual Studio Version 17
VisualStudioVersion = 17.11.35327.3
MinimumVisualStudioVersion = 10.0.40219.1
Project("{FAE04EC0-301F-11D3-BF4B-00C04F79EFBC}") = "RealTimeQuizApp", "RealTimeQuizApp\RealTimeQuizApp.csproj", "{1CCD1937-D661-4FA4-971B-0F3DF1D327A5}"
EndProject
Global
	GlobalSection(SolutionConfigurationPlatforms) = preSolution
		Debug|Any CPU = Debug|Any CPU
		Release|Any CPU = Release|Any CPU
	EndGlobalSection
	GlobalSection(ProjectConfigurationPlatforms) = postSolution
		{1CCD1937-D661-4FA4-971B-0F3DF1D327A5}.Debug|Any CPU.ActiveCfg = Debug|Any CPU
		{1CCD1937-D661-4FA4-971B-0F3DF1D327A5}.Debug|Any CPU.Build.0 = Debug|Any CPU
		{1CCD1937-D661-4FA4-971B-0F3DF1D327A5}.Release|Any CPU.ActiveCfg = Release|Any CPU
		{1CCD1937-D661-4FA4-971B-0F3DF1D327A5}.Release|Any CPU.Build.0 = Release|Any CPU
	EndGlobalSection
	GlobalSection(SolutionProperties) = preSolution
		HideSolutionNode = FALSE
	EndGlobalSection
	GlobalSection(ExtensibilityGlobals) = postSolution
		SolutionGuid = {6828F3F4-07F4-4C4E-A203-F712C18F4BD8}
	EndGlobalSection
EndGlobal
